// !$*UTF8*$!
{
	archiveVersion = 1;
	classes = {
	};
	objectVersion = 48;
	objects = {

/* Begin PBXBuildFile section */
		071B7E84C3ED64F7802756D9 /* Pods_PropertyFinder.framework in Frameworks */ = {isa = PBXBuildFile; fileRef = 28E9447280E02284889DC095 /* Pods_PropertyFinder.framework */; };
		FA1D874C1FB42E43009ABC71 /* PropertiesListTests.swift in Sources */ = {isa = PBXBuildFile; fileRef = FA1D874B1FB42E43009ABC71 /* PropertiesListTests.swift */; };
		FA262A491FB2E985003AD9C3 /* AppDelegate.swift in Sources */ = {isa = PBXBuildFile; fileRef = FA262A481FB2E985003AD9C3 /* AppDelegate.swift */; };
		FA262A4B1FB2E985003AD9C3 /* ViewController.swift in Sources */ = {isa = PBXBuildFile; fileRef = FA262A4A1FB2E985003AD9C3 /* ViewController.swift */; };
		FA262A4E1FB2E985003AD9C3 /* Main.storyboard in Resources */ = {isa = PBXBuildFile; fileRef = FA262A4C1FB2E985003AD9C3 /* Main.storyboard */; };
		FA262A501FB2E985003AD9C3 /* Assets.xcassets in Resources */ = {isa = PBXBuildFile; fileRef = FA262A4F1FB2E985003AD9C3 /* Assets.xcassets */; };
		FA262A531FB2E985003AD9C3 /* LaunchScreen.storyboard in Resources */ = {isa = PBXBuildFile; fileRef = FA262A511FB2E985003AD9C3 /* LaunchScreen.storyboard */; };
		FA262A5E1FB2E986003AD9C3 /* PropertyFinderTests.swift in Sources */ = {isa = PBXBuildFile; fileRef = FA262A5D1FB2E986003AD9C3 /* PropertyFinderTests.swift */; };
		FA262A691FB2E986003AD9C3 /* PropertyFinderUITests.swift in Sources */ = {isa = PBXBuildFile; fileRef = FA262A681FB2E986003AD9C3 /* PropertyFinderUITests.swift */; };
		FA43CE6D1FB38E0500B37356 /* ProprtyTableViewCell.swift in Sources */ = {isa = PBXBuildFile; fileRef = FA43CE6C1FB38E0500B37356 /* ProprtyTableViewCell.swift */; };
		FAF52F3F1FB3808A007E7DA0 /* PropertiesListViewModel.swift in Sources */ = {isa = PBXBuildFile; fileRef = FAF52F3E1FB3808A007E7DA0 /* PropertiesListViewModel.swift */; };
		FAF52F411FB380E4007E7DA0 /* PropertyRouter.swift in Sources */ = {isa = PBXBuildFile; fileRef = FAF52F401FB380E4007E7DA0 /* PropertyRouter.swift */; };
		FAF52F431FB380ED007E7DA0 /* APIClient.swift in Sources */ = {isa = PBXBuildFile; fileRef = FAF52F421FB380ED007E7DA0 /* APIClient.swift */; };
		FAF52F451FB380F7007E7DA0 /* Strings.swift in Sources */ = {isa = PBXBuildFile; fileRef = FAF52F441FB380F7007E7DA0 /* Strings.swift */; };
		FAF52F471FB3819D007E7DA0 /* Property.swift in Sources */ = {isa = PBXBuildFile; fileRef = FAF52F461FB3819D007E7DA0 /* Property.swift */; };
/* End PBXBuildFile section */

/* Begin PBXContainerItemProxy section */
		FA262A5A1FB2E986003AD9C3 /* PBXContainerItemProxy */ = {
			isa = PBXContainerItemProxy;
			containerPortal = FA262A3D1FB2E985003AD9C3 /* Project object */;
			proxyType = 1;
			remoteGlobalIDString = FA262A441FB2E985003AD9C3;
			remoteInfo = PropertyFinder;
		};
		FA262A651FB2E986003AD9C3 /* PBXContainerItemProxy */ = {
			isa = PBXContainerItemProxy;
			containerPortal = FA262A3D1FB2E985003AD9C3 /* Project object */;
			proxyType = 1;
			remoteGlobalIDString = FA262A441FB2E985003AD9C3;
			remoteInfo = PropertyFinder;
		};
/* End PBXContainerItemProxy section */

/* Begin PBXFileReference section */
		28E9447280E02284889DC095 /* Pods_PropertyFinder.framework */ = {isa = PBXFileReference; explicitFileType = wrapper.framework; includeInIndex = 0; path = Pods_PropertyFinder.framework; sourceTree = BUILT_PRODUCTS_DIR; };
		2BA82B7D04D7E3F16BA89D26 /* Pods-PropertyFinder.debug.xcconfig */ = {isa = PBXFileReference; includeInIndex = 1; lastKnownFileType = text.xcconfig; name = "Pods-PropertyFinder.debug.xcconfig"; path = "Pods/Target Support Files/Pods-PropertyFinder/Pods-PropertyFinder.debug.xcconfig"; sourceTree = "<group>"; };
		76E17E6010570C5EF6FD4F79 /* Pods-PropertyFinder.release.xcconfig */ = {isa = PBXFileReference; includeInIndex = 1; lastKnownFileType = text.xcconfig; name = "Pods-PropertyFinder.release.xcconfig"; path = "Pods/Target Support Files/Pods-PropertyFinder/Pods-PropertyFinder.release.xcconfig"; sourceTree = "<group>"; };
		FA1D874B1FB42E43009ABC71 /* PropertiesListTests.swift */ = {isa = PBXFileReference; lastKnownFileType = sourcecode.swift; path = PropertiesListTests.swift; sourceTree = "<group>"; };
		FA262A451FB2E985003AD9C3 /* PropertyFinder.app */ = {isa = PBXFileReference; explicitFileType = wrapper.application; includeInIndex = 0; path = PropertyFinder.app; sourceTree = BUILT_PRODUCTS_DIR; };
		FA262A481FB2E985003AD9C3 /* AppDelegate.swift */ = {isa = PBXFileReference; lastKnownFileType = sourcecode.swift; path = AppDelegate.swift; sourceTree = "<group>"; };
		FA262A4A1FB2E985003AD9C3 /* ViewController.swift */ = {isa = PBXFileReference; lastKnownFileType = sourcecode.swift; path = ViewController.swift; sourceTree = "<group>"; };
		FA262A4D1FB2E985003AD9C3 /* Base */ = {isa = PBXFileReference; lastKnownFileType = file.storyboard; name = Base; path = Base.lproj/Main.storyboard; sourceTree = "<group>"; };
		FA262A4F1FB2E985003AD9C3 /* Assets.xcassets */ = {isa = PBXFileReference; lastKnownFileType = folder.assetcatalog; path = Assets.xcassets; sourceTree = "<group>"; };
		FA262A521FB2E985003AD9C3 /* Base */ = {isa = PBXFileReference; lastKnownFileType = file.storyboard; name = Base; path = Base.lproj/LaunchScreen.storyboard; sourceTree = "<group>"; };
		FA262A541FB2E985003AD9C3 /* Info.plist */ = {isa = PBXFileReference; lastKnownFileType = text.plist.xml; path = Info.plist; sourceTree = "<group>"; };
		FA262A591FB2E986003AD9C3 /* PropertyFinderTests.xctest */ = {isa = PBXFileReference; explicitFileType = wrapper.cfbundle; includeInIndex = 0; path = PropertyFinderTests.xctest; sourceTree = BUILT_PRODUCTS_DIR; };
		FA262A5D1FB2E986003AD9C3 /* PropertyFinderTests.swift */ = {isa = PBXFileReference; lastKnownFileType = sourcecode.swift; path = PropertyFinderTests.swift; sourceTree = "<group>"; };
		FA262A5F1FB2E986003AD9C3 /* Info.plist */ = {isa = PBXFileReference; lastKnownFileType = text.plist.xml; path = Info.plist; sourceTree = "<group>"; };
		FA262A641FB2E986003AD9C3 /* PropertyFinderUITests.xctest */ = {isa = PBXFileReference; explicitFileType = wrapper.cfbundle; includeInIndex = 0; path = PropertyFinderUITests.xctest; sourceTree = BUILT_PRODUCTS_DIR; };
		FA262A681FB2E986003AD9C3 /* PropertyFinderUITests.swift */ = {isa = PBXFileReference; lastKnownFileType = sourcecode.swift; path = PropertyFinderUITests.swift; sourceTree = "<group>"; };
		FA262A6A1FB2E986003AD9C3 /* Info.plist */ = {isa = PBXFileReference; lastKnownFileType = text.plist.xml; path = Info.plist; sourceTree = "<group>"; };
		FA43CE6C1FB38E0500B37356 /* ProprtyTableViewCell.swift */ = {isa = PBXFileReference; lastKnownFileType = sourcecode.swift; path = ProprtyTableViewCell.swift; sourceTree = "<group>"; };
		FAF52F3E1FB3808A007E7DA0 /* PropertiesListViewModel.swift */ = {isa = PBXFileReference; lastKnownFileType = sourcecode.swift; path = PropertiesListViewModel.swift; sourceTree = "<group>"; };
		FAF52F401FB380E4007E7DA0 /* PropertyRouter.swift */ = {isa = PBXFileReference; lastKnownFileType = sourcecode.swift; path = PropertyRouter.swift; sourceTree = "<group>"; };
		FAF52F421FB380ED007E7DA0 /* APIClient.swift */ = {isa = PBXFileReference; lastKnownFileType = sourcecode.swift; path = APIClient.swift; sourceTree = "<group>"; };
		FAF52F441FB380F7007E7DA0 /* Strings.swift */ = {isa = PBXFileReference; lastKnownFileType = sourcecode.swift; path = Strings.swift; sourceTree = "<group>"; };
		FAF52F461FB3819D007E7DA0 /* Property.swift */ = {isa = PBXFileReference; lastKnownFileType = sourcecode.swift; path = Property.swift; sourceTree = "<group>"; };
/* End PBXFileReference section */

/* Begin PBXFrameworksBuildPhase section */
		FA262A421FB2E985003AD9C3 /* Frameworks */ = {
			isa = PBXFrameworksBuildPhase;
			buildActionMask = 2147483647;
			files = (
				071B7E84C3ED64F7802756D9 /* Pods_PropertyFinder.framework in Frameworks */,
			);
			runOnlyForDeploymentPostprocessing = 0;
		};
		FA262A561FB2E986003AD9C3 /* Frameworks */ = {
			isa = PBXFrameworksBuildPhase;
			buildActionMask = 2147483647;
			files = (
			);
			runOnlyForDeploymentPostprocessing = 0;
		};
		FA262A611FB2E986003AD9C3 /* Frameworks */ = {
			isa = PBXFrameworksBuildPhase;
			buildActionMask = 2147483647;
			files = (
			);
			runOnlyForDeploymentPostprocessing = 0;
		};
/* End PBXFrameworksBuildPhase section */

/* Begin PBXGroup section */
		3055674CAC7207AC2D347FAD /* Frameworks */ = {
			isa = PBXGroup;
			children = (
				28E9447280E02284889DC095 /* Pods_PropertyFinder.framework */,
			);
			name = Frameworks;
			sourceTree = "<group>";
		};
		4FC7A99F776966CD0409C6D7 /* Pods */ = {
			isa = PBXGroup;
			children = (
				2BA82B7D04D7E3F16BA89D26 /* Pods-PropertyFinder.debug.xcconfig */,
				76E17E6010570C5EF6FD4F79 /* Pods-PropertyFinder.release.xcconfig */,
			);
			name = Pods;
			sourceTree = "<group>";
		};
		FA1D87901FB5134C009ABC71 /* Networking */ = {
			isa = PBXGroup;
			children = (
				FAF52F401FB380E4007E7DA0 /* PropertyRouter.swift */,
				FAF52F421FB380ED007E7DA0 /* APIClient.swift */,
			);
			path = Networking;
			sourceTree = "<group>";
		};
		FA1D87911FB5135E009ABC71 /* Properties */ = {
			isa = PBXGroup;
			children = (
				FA262A4A1FB2E985003AD9C3 /* ViewController.swift */,
				FAF52F461FB3819D007E7DA0 /* Property.swift */,
				FA43CE6C1FB38E0500B37356 /* ProprtyTableViewCell.swift */,
				FAF52F3E1FB3808A007E7DA0 /* PropertiesListViewModel.swift */,
			);
			path = Properties;
			sourceTree = "<group>";
		};
		FA262A3C1FB2E985003AD9C3 = {
			isa = PBXGroup;
			children = (
				FA262A471FB2E985003AD9C3 /* PropertyFinder */,
				FA262A5C1FB2E986003AD9C3 /* PropertyFinderTests */,
				FA262A671FB2E986003AD9C3 /* PropertyFinderUITests */,
				FA262A461FB2E985003AD9C3 /* Products */,
				4FC7A99F776966CD0409C6D7 /* Pods */,
				3055674CAC7207AC2D347FAD /* Frameworks */,
			);
			sourceTree = "<group>";
		};
		FA262A461FB2E985003AD9C3 /* Products */ = {
			isa = PBXGroup;
			children = (
				FA262A451FB2E985003AD9C3 /* PropertyFinder.app */,
				FA262A591FB2E986003AD9C3 /* PropertyFinderTests.xctest */,
				FA262A641FB2E986003AD9C3 /* PropertyFinderUITests.xctest */,
			);
			name = Products;
			sourceTree = "<group>";
		};
		FA262A471FB2E985003AD9C3 /* PropertyFinder */ = {
			isa = PBXGroup;
			children = (
				FA262A481FB2E985003AD9C3 /* AppDelegate.swift */,
				FA1D87911FB5135E009ABC71 /* Properties */,
				FA1D87901FB5134C009ABC71 /* Networking */,
				FAF52F441FB380F7007E7DA0 /* Strings.swift */,
				FA262A4C1FB2E985003AD9C3 /* Main.storyboard */,
				FA262A4F1FB2E985003AD9C3 /* Assets.xcassets */,
				FA262A511FB2E985003AD9C3 /* LaunchScreen.storyboard */,
				FA262A541FB2E985003AD9C3 /* Info.plist */,
			);
			path = PropertyFinder;
			sourceTree = "<group>";
		};
		FA262A5C1FB2E986003AD9C3 /* PropertyFinderTests */ = {
			isa = PBXGroup;
			children = (
				FA262A5D1FB2E986003AD9C3 /* PropertyFinderTests.swift */,
				FA1D874B1FB42E43009ABC71 /* PropertiesListTests.swift */,
				FA262A5F1FB2E986003AD9C3 /* Info.plist */,
			);
			path = PropertyFinderTests;
			sourceTree = "<group>";
		};
		FA262A671FB2E986003AD9C3 /* PropertyFinderUITests */ = {
			isa = PBXGroup;
			children = (
				FA262A681FB2E986003AD9C3 /* PropertyFinderUITests.swift */,
				FA262A6A1FB2E986003AD9C3 /* Info.plist */,
			);
			path = PropertyFinderUITests;
			sourceTree = "<group>";
		};
/* End PBXGroup section */

/* Begin PBXNativeTarget section */
		FA262A441FB2E985003AD9C3 /* PropertyFinder */ = {
			isa = PBXNativeTarget;
			buildConfigurationList = FA262A6D1FB2E986003AD9C3 /* Build configuration list for PBXNativeTarget "PropertyFinder" */;
			buildPhases = (
				F5B8BD241F4C59D1B05A11D0 /* [CP] Check Pods Manifest.lock */,
				FA262A411FB2E985003AD9C3 /* Sources */,
				FA262A421FB2E985003AD9C3 /* Frameworks */,
				FA262A431FB2E985003AD9C3 /* Resources */,
				EFA17B4B911ECD8891D3C964 /* [CP] Embed Pods Frameworks */,
				1AE7F4176F8BC08A2BA4F67A /* [CP] Copy Pods Resources */,
			);
			buildRules = (
			);
			dependencies = (
			);
			name = PropertyFinder;
			productName = PropertyFinder;
			productReference = FA262A451FB2E985003AD9C3 /* PropertyFinder.app */;
			productType = "com.apple.product-type.application";
		};
		FA262A581FB2E986003AD9C3 /* PropertyFinderTests */ = {
			isa = PBXNativeTarget;
			buildConfigurationList = FA262A701FB2E986003AD9C3 /* Build configuration list for PBXNativeTarget "PropertyFinderTests" */;
			buildPhases = (
				FA262A551FB2E986003AD9C3 /* Sources */,
				FA262A561FB2E986003AD9C3 /* Frameworks */,
				FA262A571FB2E986003AD9C3 /* Resources */,
			);
			buildRules = (
			);
			dependencies = (
				FA262A5B1FB2E986003AD9C3 /* PBXTargetDependency */,
			);
			name = PropertyFinderTests;
			productName = PropertyFinderTests;
			productReference = FA262A591FB2E986003AD9C3 /* PropertyFinderTests.xctest */;
			productType = "com.apple.product-type.bundle.unit-test";
		};
		FA262A631FB2E986003AD9C3 /* PropertyFinderUITests */ = {
			isa = PBXNativeTarget;
			buildConfigurationList = FA262A731FB2E986003AD9C3 /* Build configuration list for PBXNativeTarget "PropertyFinderUITests" */;
			buildPhases = (
				FA262A601FB2E986003AD9C3 /* Sources */,
				FA262A611FB2E986003AD9C3 /* Frameworks */,
				FA262A621FB2E986003AD9C3 /* Resources */,
			);
			buildRules = (
			);
			dependencies = (
				FA262A661FB2E986003AD9C3 /* PBXTargetDependency */,
			);
			name = PropertyFinderUITests;
			productName = PropertyFinderUITests;
			productReference = FA262A641FB2E986003AD9C3 /* PropertyFinderUITests.xctest */;
			productType = "com.apple.product-type.bundle.ui-testing";
		};
/* End PBXNativeTarget section */

/* Begin PBXProject section */
		FA262A3D1FB2E985003AD9C3 /* Project object */ = {
			isa = PBXProject;
			attributes = {
				LastSwiftUpdateCheck = 0900;
				LastUpgradeCheck = 0900;
				ORGANIZATIONNAME = Gohary;
				TargetAttributes = {
					FA262A441FB2E985003AD9C3 = {
						CreatedOnToolsVersion = 9.0;
						ProvisioningStyle = Automatic;
					};
					FA262A581FB2E986003AD9C3 = {
						CreatedOnToolsVersion = 9.0;
						ProvisioningStyle = Automatic;
						TestTargetID = FA262A441FB2E985003AD9C3;
					};
					FA262A631FB2E986003AD9C3 = {
						CreatedOnToolsVersion = 9.0;
						ProvisioningStyle = Automatic;
						TestTargetID = FA262A441FB2E985003AD9C3;
					};
				};
			};
			buildConfigurationList = FA262A401FB2E985003AD9C3 /* Build configuration list for PBXProject "PropertyFinder" */;
			compatibilityVersion = "Xcode 8.0";
			developmentRegion = en;
			hasScannedForEncodings = 0;
			knownRegions = (
				en,
				Base,
			);
			mainGroup = FA262A3C1FB2E985003AD9C3;
			productRefGroup = FA262A461FB2E985003AD9C3 /* Products */;
			projectDirPath = "";
			projectRoot = "";
			targets = (
				FA262A441FB2E985003AD9C3 /* PropertyFinder */,
				FA262A581FB2E986003AD9C3 /* PropertyFinderTests */,
				FA262A631FB2E986003AD9C3 /* PropertyFinderUITests */,
			);
		};
/* End PBXProject section */

/* Begin PBXResourcesBuildPhase section */
		FA262A431FB2E985003AD9C3 /* Resources */ = {
			isa = PBXResourcesBuildPhase;
			buildActionMask = 2147483647;
			files = (
				FA262A531FB2E985003AD9C3 /* LaunchScreen.storyboard in Resources */,
				FA262A501FB2E985003AD9C3 /* Assets.xcassets in Resources */,
				FA262A4E1FB2E985003AD9C3 /* Main.storyboard in Resources */,
			);
			runOnlyForDeploymentPostprocessing = 0;
		};
		FA262A571FB2E986003AD9C3 /* Resources */ = {
			isa = PBXResourcesBuildPhase;
			buildActionMask = 2147483647;
			files = (
			);
			runOnlyForDeploymentPostprocessing = 0;
		};
		FA262A621FB2E986003AD9C3 /* Resources */ = {
			isa = PBXResourcesBuildPhase;
			buildActionMask = 2147483647;
			files = (
			);
			runOnlyForDeploymentPostprocessing = 0;
		};
/* End PBXResourcesBuildPhase section */

/* Begin PBXShellScriptBuildPhase section */
		1AE7F4176F8BC08A2BA4F67A /* [CP] Copy Pods Resources */ = {
			isa = PBXShellScriptBuildPhase;
			buildActionMask = 2147483647;
			files = (
			);
			inputPaths = (
			);
			name = "[CP] Copy Pods Resources";
			outputPaths = (
			);
			runOnlyForDeploymentPostprocessing = 0;
			shellPath = /bin/sh;
			shellScript = "\"${SRCROOT}/Pods/Target Support Files/Pods-PropertyFinder/Pods-PropertyFinder-resources.sh\"\n";
			showEnvVarsInLog = 0;
		};
		EFA17B4B911ECD8891D3C964 /* [CP] Embed Pods Frameworks */ = {
			isa = PBXShellScriptBuildPhase;
			buildActionMask = 2147483647;
			files = (
			);
			inputPaths = (
				"${SRCROOT}/Pods/Target Support Files/Pods-PropertyFinder/Pods-PropertyFinder-frameworks.sh",
				"${BUILT_PRODUCTS_DIR}/Alamofire/Alamofire.framework",
				"${BUILT_PRODUCTS_DIR}/AlamofireImage/AlamofireImage.framework",
				"${BUILT_PRODUCTS_DIR}/ObjectMapper/ObjectMapper.framework",
				"${BUILT_PRODUCTS_DIR}/SwiftyBeaver/SwiftyBeaver.framework",
			);
			name = "[CP] Embed Pods Frameworks";
			outputPaths = (
				"${TARGET_BUILD_DIR}/${FRAMEWORKS_FOLDER_PATH}/Alamofire.framework",
				"${TARGET_BUILD_DIR}/${FRAMEWORKS_FOLDER_PATH}/AlamofireImage.framework",
				"${TARGET_BUILD_DIR}/${FRAMEWORKS_FOLDER_PATH}/ObjectMapper.framework",
				"${TARGET_BUILD_DIR}/${FRAMEWORKS_FOLDER_PATH}/SwiftyBeaver.framework",
			);
			runOnlyForDeploymentPostprocessing = 0;
			shellPath = /bin/sh;
			shellScript = "\"${SRCROOT}/Pods/Target Support Files/Pods-PropertyFinder/Pods-PropertyFinder-frameworks.sh\"\n";
			showEnvVarsInLog = 0;
		};
		F5B8BD241F4C59D1B05A11D0 /* [CP] Check Pods Manifest.lock */ = {
			isa = PBXShellScriptBuildPhase;
			buildActionMask = 2147483647;
			files = (
			);
			inputPaths = (
				"${PODS_PODFILE_DIR_PATH}/Podfile.lock",
				"${PODS_ROOT}/Manifest.lock",
			);
			name = "[CP] Check Pods Manifest.lock";
			outputPaths = (
				"$(DERIVED_FILE_DIR)/Pods-PropertyFinder-checkManifestLockResult.txt",
			);
			runOnlyForDeploymentPostprocessing = 0;
			shellPath = /bin/sh;
			shellScript = "diff \"${PODS_PODFILE_DIR_PATH}/Podfile.lock\" \"${PODS_ROOT}/Manifest.lock\" > /dev/null\nif [ $? != 0 ] ; then\n    # print error to STDERR\n    echo \"error: The sandbox is not in sync with the Podfile.lock. Run 'pod install' or update your CocoaPods installation.\" >&2\n    exit 1\nfi\n# This output is used by Xcode 'outputs' to avoid re-running this script phase.\necho \"SUCCESS\" > \"${SCRIPT_OUTPUT_FILE_0}\"\n";
			showEnvVarsInLog = 0;
		};
/* End PBXShellScriptBuildPhase section */

/* Begin PBXSourcesBuildPhase section */
		FA262A411FB2E985003AD9C3 /* Sources */ = {
			isa = PBXSourcesBuildPhase;
			buildActionMask = 2147483647;
			files = (
				FA43CE6D1FB38E0500B37356 /* ProprtyTableViewCell.swift in Sources */,
				FAF52F471FB3819D007E7DA0 /* Property.swift in Sources */,
				FA262A4B1FB2E985003AD9C3 /* ViewController.swift in Sources */,
				FAF52F411FB380E4007E7DA0 /* PropertyRouter.swift in Sources */,
				FA262A491FB2E985003AD9C3 /* AppDelegate.swift in Sources */,
				FAF52F431FB380ED007E7DA0 /* APIClient.swift in Sources */,
				FAF52F451FB380F7007E7DA0 /* Strings.swift in Sources */,
				FAF52F3F1FB3808A007E7DA0 /* PropertiesListViewModel.swift in Sources */,
			);
			runOnlyForDeploymentPostprocessing = 0;
		};
		FA262A551FB2E986003AD9C3 /* Sources */ = {
			isa = PBXSourcesBuildPhase;
			buildActionMask = 2147483647;
			files = (
				FA1D874C1FB42E43009ABC71 /* PropertiesListTests.swift in Sources */,
				FA262A5E1FB2E986003AD9C3 /* PropertyFinderTests.swift in Sources */,
			);
			runOnlyForDeploymentPostprocessing = 0;
		};
		FA262A601FB2E986003AD9C3 /* Sources */ = {
			isa = PBXSourcesBuildPhase;
			buildActionMask = 2147483647;
			files = (
				FA262A691FB2E986003AD9C3 /* PropertyFinderUITests.swift in Sources */,
			);
			runOnlyForDeploymentPostprocessing = 0;
		};
/* End PBXSourcesBuildPhase section */

/* Begin PBXTargetDependency section */
		FA262A5B1FB2E986003AD9C3 /* PBXTargetDependency */ = {
			isa = PBXTargetDependency;
			target = FA262A441FB2E985003AD9C3 /* PropertyFinder */;
			targetProxy = FA262A5A1FB2E986003AD9C3 /* PBXContainerItemProxy */;
		};
		FA262A661FB2E986003AD9C3 /* PBXTargetDependency */ = {
			isa = PBXTargetDependency;
			target = FA262A441FB2E985003AD9C3 /* PropertyFinder */;
			targetProxy = FA262A651FB2E986003AD9C3 /* PBXContainerItemProxy */;
		};
/* End PBXTargetDependency section */

/* Begin PBXVariantGroup section */
		FA262A4C1FB2E985003AD9C3 /* Main.storyboard */ = {
			isa = PBXVariantGroup;
			children = (
				FA262A4D1FB2E985003AD9C3 /* Base */,
			);
			name = Main.storyboard;
			sourceTree = "<group>";
		};
		FA262A511FB2E985003AD9C3 /* LaunchScreen.storyboard */ = {
			isa = PBXVariantGroup;
			children = (
				FA262A521FB2E985003AD9C3 /* Base */,
			);
			name = LaunchScreen.storyboard;
			sourceTree = "<group>";
		};
/* End PBXVariantGroup section */

/* Begin XCBuildConfiguration section */
		FA262A6B1FB2E986003AD9C3 /* Debug */ = {
			isa = XCBuildConfiguration;
			buildSettings = {
				ALWAYS_SEARCH_USER_PATHS = NO;
				CLANG_ANALYZER_NONNULL = YES;
				CLANG_ANALYZER_NUMBER_OBJECT_CONVERSION = YES_AGGRESSIVE;
				CLANG_CXX_LANGUAGE_STANDARD = "gnu++14";
				CLANG_CXX_LIBRARY = "libc++";
				CLANG_ENABLE_MODULES = YES;
				CLANG_ENABLE_OBJC_ARC = YES;
				CLANG_WARN_BLOCK_CAPTURE_AUTORELEASING = YES;
				CLANG_WARN_BOOL_CONVERSION = YES;
				CLANG_WARN_COMMA = YES;
				CLANG_WARN_CONSTANT_CONVERSION = YES;
				CLANG_WARN_DIRECT_OBJC_ISA_USAGE = YES_ERROR;
				CLANG_WARN_DOCUMENTATION_COMMENTS = YES;
				CLANG_WARN_EMPTY_BODY = YES;
				CLANG_WARN_ENUM_CONVERSION = YES;
				CLANG_WARN_INFINITE_RECURSION = YES;
				CLANG_WARN_INT_CONVERSION = YES;
				CLANG_WARN_NON_LITERAL_NULL_CONVERSION = YES;
				CLANG_WARN_OBJC_LITERAL_CONVERSION = YES;
				CLANG_WARN_OBJC_ROOT_CLASS = YES_ERROR;
				CLANG_WARN_RANGE_LOOP_ANALYSIS = YES;
				CLANG_WARN_STRICT_PROTOTYPES = YES;
				CLANG_WARN_SUSPICIOUS_MOVE = YES;
				CLANG_WARN_UNGUARDED_AVAILABILITY = YES_AGGRESSIVE;
				CLANG_WARN_UNREACHABLE_CODE = YES;
				CLANG_WARN__DUPLICATE_METHOD_MATCH = YES;
				CODE_SIGN_IDENTITY = "iPhone Developer";
				COPY_PHASE_STRIP = NO;
				DEBUG_INFORMATION_FORMAT = dwarf;
				ENABLE_STRICT_OBJC_MSGSEND = YES;
				ENABLE_TESTABILITY = YES;
				GCC_C_LANGUAGE_STANDARD = gnu11;
				GCC_DYNAMIC_NO_PIC = NO;
				GCC_NO_COMMON_BLOCKS = YES;
				GCC_OPTIMIZATION_LEVEL = 0;
				GCC_PREPROCESSOR_DEFINITIONS = (
					"DEBUG=1",
					"$(inherited)",
				);
				GCC_WARN_64_TO_32_BIT_CONVERSION = YES;
				GCC_WARN_ABOUT_RETURN_TYPE = YES_ERROR;
				GCC_WARN_UNDECLARED_SELECTOR = YES;
				GCC_WARN_UNINITIALIZED_AUTOS = YES_AGGRESSIVE;
				GCC_WARN_UNUSED_FUNCTION = YES;
				GCC_WARN_UNUSED_VARIABLE = YES;
				IPHONEOS_DEPLOYMENT_TARGET = 11.0;
				MTL_ENABLE_DEBUG_INFO = YES;
				ONLY_ACTIVE_ARCH = YES;
				SDKROOT = iphoneos;
				SWIFT_ACTIVE_COMPILATION_CONDITIONS = DEBUG;
				SWIFT_OPTIMIZATION_LEVEL = "-Onone";
			};
			name = Debug;
		};
		FA262A6C1FB2E986003AD9C3 /* Release */ = {
			isa = XCBuildConfiguration;
			buildSettings = {
				ALWAYS_SEARCH_USER_PATHS = NO;
				CLANG_ANALYZER_NONNULL = YES;
				CLANG_ANALYZER_NUMBER_OBJECT_CONVERSION = YES_AGGRESSIVE;
				CLANG_CXX_LANGUAGE_STANDARD = "gnu++14";
				CLANG_CXX_LIBRARY = "libc++";
				CLANG_ENABLE_MODULES = YES;
				CLANG_ENABLE_OBJC_ARC = YES;
				CLANG_WARN_BLOCK_CAPTURE_AUTORELEASING = YES;
				CLANG_WARN_BOOL_CONVERSION = YES;
				CLANG_WARN_COMMA = YES;
				CLANG_WARN_CONSTANT_CONVERSION = YES;
				CLANG_WARN_DIRECT_OBJC_ISA_USAGE = YES_ERROR;
				CLANG_WARN_DOCUMENTATION_COMMENTS = YES;
				CLANG_WARN_EMPTY_BODY = YES;
				CLANG_WARN_ENUM_CONVERSION = YES;
				CLANG_WARN_INFINITE_RECURSION = YES;
				CLANG_WARN_INT_CONVERSION = YES;
				CLANG_WARN_NON_LITERAL_NULL_CONVERSION = YES;
				CLANG_WARN_OBJC_LITERAL_CONVERSION = YES;
				CLANG_WARN_OBJC_ROOT_CLASS = YES_ERROR;
				CLANG_WARN_RANGE_LOOP_ANALYSIS = YES;
				CLANG_WARN_STRICT_PROTOTYPES = YES;
				CLANG_WARN_SUSPICIOUS_MOVE = YES;
				CLANG_WARN_UNGUARDED_AVAILABILITY = YES_AGGRESSIVE;
				CLANG_WARN_UNREACHABLE_CODE = YES;
				CLANG_WARN__DUPLICATE_METHOD_MATCH = YES;
				CODE_SIGN_IDENTITY = "iPhone Developer";
				COPY_PHASE_STRIP = NO;
				DEBUG_INFORMATION_FORMAT = "dwarf-with-dsym";
				ENABLE_NS_ASSERTIONS = NO;
				ENABLE_STRICT_OBJC_MSGSEND = YES;
				GCC_C_LANGUAGE_STANDARD = gnu11;
				GCC_NO_COMMON_BLOCKS = YES;
				GCC_WARN_64_TO_32_BIT_CONVERSION = YES;
				GCC_WARN_ABOUT_RETURN_TYPE = YES_ERROR;
				GCC_WARN_UNDECLARED_SELECTOR = YES;
				GCC_WARN_UNINITIALIZED_AUTOS = YES_AGGRESSIVE;
				GCC_WARN_UNUSED_FUNCTION = YES;
				GCC_WARN_UNUSED_VARIABLE = YES;
				IPHONEOS_DEPLOYMENT_TARGET = 11.0;
				MTL_ENABLE_DEBUG_INFO = NO;
				SDKROOT = iphoneos;
				SWIFT_OPTIMIZATION_LEVEL = "-Owholemodule";
				VALIDATE_PRODUCT = YES;
			};
			name = Release;
		};
		FA262A6E1FB2E986003AD9C3 /* Debug */ = {
			isa = XCBuildConfiguration;
			baseConfigurationReference = 2BA82B7D04D7E3F16BA89D26 /* Pods-PropertyFinder.debug.xcconfig */;
			buildSettings = {
				ASSETCATALOG_COMPILER_APPICON_NAME = AppIcon;
				CODE_SIGN_STYLE = Automatic;
				DEVELOPMENT_TEAM = HGQB6LL5EQ;
				INFOPLIST_FILE = PropertyFinder/Info.plist;
				LD_RUNPATH_SEARCH_PATHS = "$(inherited) @executable_path/Frameworks";
				PRODUCT_BUNDLE_IDENTIFIER = com.gohary.PropertyFinder;
				PRODUCT_NAME = "$(TARGET_NAME)";
				SWIFT_VERSION = 4.0;
				TARGETED_DEVICE_FAMILY = "1,2";
			};
			name = Debug;
		};
		FA262A6F1FB2E986003AD9C3 /* Release */ = {
			isa = XCBuildConfiguration;
			baseConfigurationReference = 76E17E6010570C5EF6FD4F79 /* Pods-PropertyFinder.release.xcconfig */;
			buildSettings = {
				ASSETCATALOG_COMPILER_APPICON_NAME = AppIcon;
				CODE_SIGN_STYLE = Automatic;
				DEVELOPMENT_TEAM = HGQB6LL5EQ;
				INFOPLIST_FILE = PropertyFinder/Info.plist;
				LD_RUNPATH_SEARCH_PATHS = "$(inherited) @executable_path/Frameworks";
				PRODUCT_BUNDLE_IDENTIFIER = com.gohary.PropertyFinder;
				PRODUCT_NAME = "$(TARGET_NAME)";
				SWIFT_VERSION = 4.0;
				TARGETED_DEVICE_FAMILY = "1,2";
			};
			name = Release;
		};
		FA262A711FB2E986003AD9C3 /* Debug */ = {
			isa = XCBuildConfiguration;
			buildSettings = {
				ALWAYS_EMBED_SWIFT_STANDARD_LIBRARIES = YES;
				BUNDLE_LOADER = "$(TEST_HOST)";
				CODE_SIGN_STYLE = Automatic;
				INFOPLIST_FILE = PropertyFinderTests/Info.plist;
				LD_RUNPATH_SEARCH_PATHS = "$(inherited) @executable_path/Frameworks @loader_path/Frameworks";
				PRODUCT_BUNDLE_IDENTIFIER = com.gohary.PropertyFinderTests;
				PRODUCT_NAME = "$(TARGET_NAME)";
				SWIFT_VERSION = 4.0;
				TARGETED_DEVICE_FAMILY = "1,2";
				TEST_HOST = "$(BUILT_PRODUCTS_DIR)/PropertyFinder.app/PropertyFinder";
			};
			name = Debug;
		};
		FA262A721FB2E986003AD9C3 /* Release */ = {
			isa = XCBuildConfiguration;
			buildSettings = {
				ALWAYS_EMBED_SWIFT_STANDARD_LIBRARIES = YES;
				BUNDLE_LOADER = "$(TEST_HOST)";
				CODE_SIGN_STYLE = Automatic;
				INFOPLIST_FILE = PropertyFinderTests/Info.plist;
				LD_RUNPATH_SEARCH_PATHS = "$(inherited) @executable_path/Frameworks @loader_path/Frameworks";
				PRODUCT_BUNDLE_IDENTIFIER = com.gohary.PropertyFinderTests;
				PRODUCT_NAME = "$(TARGET_NAME)";
				SWIFT_VERSION = 4.0;
				TARGETED_DEVICE_FAMILY = "1,2";
				TEST_HOST = "$(BUILT_PRODUCTS_DIR)/PropertyFinder.app/PropertyFinder";
			};
			name = Release;
		};
		FA262A741FB2E986003AD9C3 /* Debug */ = {
			isa = XCBuildConfiguration;
			buildSettings = {
				ALWAYS_EMBED_SWIFT_STANDARD_LIBRARIES = YES;
				CODE_SIGN_STYLE = Automatic;
				INFOPLIST_FILE = PropertyFinderUITests/Info.plist;
				LD_RUNPATH_SEARCH_PATHS = "$(inherited) @executable_path/Frameworks @loader_path/Frameworks";
				PRODUCT_BUNDLE_IDENTIFIER = com.gohary.PropertyFinderUITests;
				PRODUCT_NAME = "$(TARGET_NAME)";
				SWIFT_VERSION = 4.0;
				TARGETED_DEVICE_FAMILY = "1,2";
				TEST_TARGET_NAME = PropertyFinder;
			};
			name = Debug;
		};
		FA262A751FB2E986003AD9C3 /* Release */ = {
			isa = XCBuildConfiguration;
			buildSettings = {
				ALWAYS_EMBED_SWIFT_STANDARD_LIBRARIES = YES;
				CODE_SIGN_STYLE = Automatic;
				INFOPLIST_FILE = PropertyFinderUITests/Info.plist;
				LD_RUNPATH_SEARCH_PATHS = "$(inherited) @executable_path/Frameworks @loader_path/Frameworks";
				PRODUCT_BUNDLE_IDENTIFIER = com.gohary.PropertyFinderUITests;
				PRODUCT_NAME = "$(TARGET_NAME)";
				SWIFT_VERSION = 4.0;
				TARGETED_DEVICE_FAMILY = "1,2";
				TEST_TARGET_NAME = PropertyFinder;
			};
			name = Release;
		};
/* End XCBuildConfiguration section */

/* Begin XCConfigurationList section */
		FA262A401FB2E985003AD9C3 /* Build configuration list for PBXProject "PropertyFinder" */ = {
			isa = XCConfigurationList;
			buildConfigurations = (
				FA262A6B1FB2E986003AD9C3 /* Debug */,
				FA262A6C1FB2E986003AD9C3 /* Release */,
			);
			defaultConfigurationIsVisible = 0;
			defaultConfigurationName = Release;
		};
		FA262A6D1FB2E986003AD9C3 /* Build configuration list for PBXNativeTarget "PropertyFinder" */ = {
			isa = XCConfigurationList;
			buildConfigurations = (
				FA262A6E1FB2E986003AD9C3 /* Debug */,
				FA262A6F1FB2E986003AD9C3 /* Release */,
			);
			defaultConfigurationIsVisible = 0;
			defaultConfigurationName = Release;
		};
		FA262A701FB2E986003AD9C3 /* Build configuration list for PBXNativeTarget "PropertyFinderTests" */ = {
			isa = XCConfigurationList;
			buildConfigurations = (
				FA262A711FB2E986003AD9C3 /* Debug */,
				FA262A721FB2E986003AD9C3 /* Release */,
			);
			defaultConfigurationIsVisible = 0;
			defaultConfigurationName = Release;
		};
		FA262A731FB2E986003AD9C3 /* Build configuration list for PBXNativeTarget "PropertyFinderUITests" */ = {
			isa = XCConfigurationList;
			buildConfigurations = (
				FA262A741FB2E986003AD9C3 /* Debug */,
				FA262A751FB2E986003AD9C3 /* Release */,
			);
			defaultConfigurationIsVisible = 0;
			defaultConfigurationName = Release;
		};
/* End XCConfigurationList section */
	};
	rootObject = FA262A3D1FB2E985003AD9C3 /* Project object */;
}
